// !$*UTF8*$!
{
	archiveVersion = 1;
	classes = {
	};
	objectVersion = 46;
	objects = {

/* Begin PBXBuildFile section */
		7738BDE41FA1CA5500CCF097 /* WWArticleCacheModel.m in Sources */ = {isa = PBXBuildFile; fileRef = 7738BDE31FA1CA5500CCF097 /* WWArticleCacheModel.m */; };
		7738BDE81FA1CAAE00CCF097 /* WWAccountCacheModel.m in Sources */ = {isa = PBXBuildFile; fileRef = 7738BDE71FA1CAAE00CCF097 /* WWAccountCacheModel.m */; };
		77390F421F5FCFBE0072324B /* main.m in Sources */ = {isa = PBXBuildFile; fileRef = 77390F411F5FCFBE0072324B /* main.m */; };
		77390F451F5FCFBE0072324B /* AppDelegate.m in Sources */ = {isa = PBXBuildFile; fileRef = 77390F441F5FCFBE0072324B /* AppDelegate.m */; };
		77390F4D1F5FCFBE0072324B /* Assets.xcassets in Resources */ = {isa = PBXBuildFile; fileRef = 77390F4C1F5FCFBE0072324B /* Assets.xcassets */; };
		77390F501F5FCFBE0072324B /* LaunchScreen.storyboard in Resources */ = {isa = PBXBuildFile; fileRef = 77390F4E1F5FCFBE0072324B /* LaunchScreen.storyboard */; };
		77390F5B1F5FCFBE0072324B /* WWProjectTests.m in Sources */ = {isa = PBXBuildFile; fileRef = 77390F5A1F5FCFBE0072324B /* WWProjectTests.m */; };
		77390F661F5FCFBE0072324B /* WWProjectUITests.m in Sources */ = {isa = PBXBuildFile; fileRef = 77390F651F5FCFBE0072324B /* WWProjectUITests.m */; };
		77390F951F5FE3720072324B /* XTSegmentControl.m in Sources */ = {isa = PBXBuildFile; fileRef = 77390F941F5FE3720072324B /* XTSegmentControl.m */; };
		77390F9E1F5FE9130072324B /* UIColor+Extension.m in Sources */ = {isa = PBXBuildFile; fileRef = 77390F9D1F5FE9130072324B /* UIColor+Extension.m */; };
		77390FA41F5FEA640072324B /* AutoSlideScrollView.m in Sources */ = {isa = PBXBuildFile; fileRef = 77390FA11F5FEA640072324B /* AutoSlideScrollView.m */; };
		77390FA51F5FEA640072324B /* NSTimer+Addition.m in Sources */ = {isa = PBXBuildFile; fileRef = 77390FA31F5FEA640072324B /* NSTimer+Addition.m */; };
		77390FB61F5FEB790072324B /* WWMainViewController.m in Sources */ = {isa = PBXBuildFile; fileRef = 77390FAE1F5FEB790072324B /* WWMainViewController.m */; };
		77390FB71F5FEB790072324B /* RootTabBarViewController.m in Sources */ = {isa = PBXBuildFile; fileRef = 77390FB31F5FEB790072324B /* RootTabBarViewController.m */; };
		77390FBA1F5FED850072324B /* BannerView.m in Sources */ = {isa = PBXBuildFile; fileRef = 77390FB91F5FED850072324B /* BannerView.m */; };
		77390FBD1F5FFAA70072324B /* UIView+Extension.m in Sources */ = {isa = PBXBuildFile; fileRef = 77390FBC1F5FFAA70072324B /* UIView+Extension.m */; };
		774994881F8C6869001F9E36 /* WWImageView.m in Sources */ = {isa = PBXBuildFile; fileRef = 774994871F8C6869001F9E36 /* WWImageView.m */; };
		7749948F1F8DCC99001F9E36 /* WWMainNavigationController.m in Sources */ = {isa = PBXBuildFile; fileRef = 7749948E1F8DCC99001F9E36 /* WWMainNavigationController.m */; };
		774994921F8DED9E001F9E36 /* WWSearchViewController.m in Sources */ = {isa = PBXBuildFile; fileRef = 774994911F8DED9E001F9E36 /* WWSearchViewController.m */; };
		774994981F8DF01D001F9E36 /* WWSearchBar.m in Sources */ = {isa = PBXBuildFile; fileRef = 774994971F8DF01D001F9E36 /* WWSearchBar.m */; };
		7749949E1F8E1094001F9E36 /* WWAccountModel.m in Sources */ = {isa = PBXBuildFile; fileRef = 7749949D1F8E1094001F9E36 /* WWAccountModel.m */; };
		774994CA1F8F5F5B001F9E36 /* WWSearchTableView.m in Sources */ = {isa = PBXBuildFile; fileRef = 774994C91F8F5F5B001F9E36 /* WWSearchTableView.m */; };
		774994D91F909410001F9E36 /* WWAccountTableViewCell.m in Sources */ = {isa = PBXBuildFile; fileRef = 774994D81F909410001F9E36 /* WWAccountTableViewCell.m */; };
		774994DA1F90967C001F9E36 /* WWArticleTableViewCell.m in Sources */ = {isa = PBXBuildFile; fileRef = 774994D31F90917F001F9E36 /* WWArticleTableViewCell.m */; };
		777A1AE91F95D6E700DCE9EA /* WWWebPopView.m in Sources */ = {isa = PBXBuildFile; fileRef = 777A1AE81F95D6E700DCE9EA /* WWWebPopView.m */; };
		777A1AEC1F95E2CA00DCE9EA /* WWPopViewItemButton.m in Sources */ = {isa = PBXBuildFile; fileRef = 777A1AEB1F95E2CA00DCE9EA /* WWPopViewItemButton.m */; };
		777A1AFB1F984F0000DCE9EA /* WWAccountMainPageViewController.m in Sources */ = {isa = PBXBuildFile; fileRef = 777A1AFA1F984F0000DCE9EA /* WWAccountMainPageViewController.m */; };
		777A1B071F987F7400DCE9EA /* WWAccountMainPageService.m in Sources */ = {isa = PBXBuildFile; fileRef = 777A1B061F987F7400DCE9EA /* WWAccountMainPageService.m */; };
		779276EF1FA060B100D3E55B /* WWFavoriteViewController.m in Sources */ = {isa = PBXBuildFile; fileRef = 779276EE1FA060B100D3E55B /* WWFavoriteViewController.m */; };
		779276F21FA065C800D3E55B /* WWFavoriteTableView.m in Sources */ = {isa = PBXBuildFile; fileRef = 779276F11FA065C800D3E55B /* WWFavoriteTableView.m */; };
		779277021FA06A5400D3E55B /* WWAccountMainPageAPIManager.m in Sources */ = {isa = PBXBuildFile; fileRef = 779276F51FA06A5400D3E55B /* WWAccountMainPageAPIManager.m */; };
		779277031FA06A5400D3E55B /* WWAccountSearchAPIManager.m in Sources */ = {isa = PBXBuildFile; fileRef = 779276F71FA06A5400D3E55B /* WWAccountSearchAPIManager.m */; };
		779277041FA06A5400D3E55B /* WWArticleSearchAPIManager.m in Sources */ = {isa = PBXBuildFile; fileRef = 779276F91FA06A5400D3E55B /* WWArticleSearchAPIManager.m */; };
		779277051FA06A5400D3E55B /* WWMainPageAPIManager.m in Sources */ = {isa = PBXBuildFile; fileRef = 779276FB1FA06A5400D3E55B /* WWMainPageAPIManager.m */; };
		779277061FA06A5400D3E55B /* WWMainPageTagInfoManager.m in Sources */ = {isa = PBXBuildFile; fileRef = 779276FD1FA06A5400D3E55B /* WWMainPageTagInfoManager.m */; };
		779277071FA06A5400D3E55B /* WWTools.m in Sources */ = {isa = PBXBuildFile; fileRef = 779276FF1FA06A5400D3E55B /* WWTools.m */; };
		779277081FA06A5400D3E55B /* WWWXArticleAPIManager.m in Sources */ = {isa = PBXBuildFile; fileRef = 779277011FA06A5400D3E55B /* WWWXArticleAPIManager.m */; };
		77C8985D1F8B7CB90046EA13 /* WWMainPageTagModel.m in Sources */ = {isa = PBXBuildFile; fileRef = 77C8985C1F8B7CB90046EA13 /* WWMainPageTagModel.m */; };
		77C898651F8B7D580046EA13 /* WWHotwordModel.m in Sources */ = {isa = PBXBuildFile; fileRef = 77C898611F8B7D580046EA13 /* WWHotwordModel.m */; };
		77C898661F8B7D580046EA13 /* WWArticleItemModel.m in Sources */ = {isa = PBXBuildFile; fileRef = 77C898641F8B7D580046EA13 /* WWArticleItemModel.m */; };
		77C898691F8B7DA50046EA13 /* WWMainPageModel.m in Sources */ = {isa = PBXBuildFile; fileRef = 77C898681F8B7DA40046EA13 /* WWMainPageModel.m */; };
		805E48861F8FB08C009C7C0A /* TFHpple.m in Sources */ = {isa = PBXBuildFile; fileRef = 805E48811F8FB08C009C7C0A /* TFHpple.m */; };
		805E48871F8FB08C009C7C0A /* TFHppleElement.m in Sources */ = {isa = PBXBuildFile; fileRef = 805E48831F8FB08C009C7C0A /* TFHppleElement.m */; };
		805E48881F8FB08C009C7C0A /* XPathQuery.m in Sources */ = {isa = PBXBuildFile; fileRef = 805E48851F8FB08C009C7C0A /* XPathQuery.m */; };
		805E488B1F8FBDE8009C7C0A /* NSString+Extension.m in Sources */ = {isa = PBXBuildFile; fileRef = 805E488A1F8FBDE8009C7C0A /* NSString+Extension.m */; };
		8061F9641F7D44B600E7F4C8 /* NSURLRequest+KOGNetworking.m in Sources */ = {isa = PBXBuildFile; fileRef = 8061F9441F7D44B500E7F4C8 /* NSURLRequest+KOGNetworking.m */; };
		8061F9651F7D44B600E7F4C8 /* KOGAPIProxy.m in Sources */ = {isa = PBXBuildFile; fileRef = 8061F9481F7D44B500E7F4C8 /* KOGAPIProxy.m */; };
		8061F9661F7D44B600E7F4C8 /* KOGAPIBaseManager.m in Sources */ = {isa = PBXBuildFile; fileRef = 8061F94B1F7D44B500E7F4C8 /* KOGAPIBaseManager.m */; };
		8061F9671F7D44B600E7F4C8 /* KOGURLResponse.m in Sources */ = {isa = PBXBuildFile; fileRef = 8061F94E1F7D44B500E7F4C8 /* KOGURLResponse.m */; };
		8061F9681F7D44B600E7F4C8 /* KOGRequestGenerator.m in Sources */ = {isa = PBXBuildFile; fileRef = 8061F9511F7D44B500E7F4C8 /* KOGRequestGenerator.m */; };
		8061F9691F7D44B600E7F4C8 /* KOGService.m in Sources */ = {isa = PBXBuildFile; fileRef = 8061F9551F7D44B500E7F4C8 /* KOGService.m */; };
		8061F96A1F7D44B600E7F4C8 /* KOGServiceFactory.m in Sources */ = {isa = PBXBuildFile; fileRef = 8061F9571F7D44B500E7F4C8 /* KOGServiceFactory.m */; };
		8061F96B1F7D44B600E7F4C8 /* KOGAppContext.m in Sources */ = {isa = PBXBuildFile; fileRef = 8061F95B1F7D44B500E7F4C8 /* KOGAppContext.m */; };
		8061F96C1F7D44B600E7F4C8 /* KOGNetworkingConfiguration.plist in Resources */ = {isa = PBXBuildFile; fileRef = 8061F95E1F7D44B500E7F4C8 /* KOGNetworkingConfiguration.plist */; };
		8061F9711F7D45B100E7F4C8 /* WWMainPageService.m in Sources */ = {isa = PBXBuildFile; fileRef = 8061F9701F7D45B100E7F4C8 /* WWMainPageService.m */; };
		807EAE8E1F95062B0001361D /* WWWebViewController.m in Sources */ = {isa = PBXBuildFile; fileRef = 807EAE8D1F95062B0001361D /* WWWebViewController.m */; };
		80A2192A1F8BB46F003E3361 /* WWTagTableView.m in Sources */ = {isa = PBXBuildFile; fileRef = 80A219291F8BB46F003E3361 /* WWTagTableView.m */; };
		89ABAB314383FCE8A9FC6E74 /* libPods-WWProject.a in Frameworks */ = {isa = PBXBuildFile; fileRef = 9A81015F922E1019DEA8FAC9 /* libPods-WWProject.a */; };
/* End PBXBuildFile section */

/* Begin PBXContainerItemProxy section */
		77390F571F5FCFBE0072324B /* PBXContainerItemProxy */ = {
			isa = PBXContainerItemProxy;
			containerPortal = 77390F351F5FCFBE0072324B /* Project object */;
			proxyType = 1;
			remoteGlobalIDString = 77390F3C1F5FCFBE0072324B;
			remoteInfo = WWProject;
		};
		77390F621F5FCFBE0072324B /* PBXContainerItemProxy */ = {
			isa = PBXContainerItemProxy;
			containerPortal = 77390F351F5FCFBE0072324B /* Project object */;
			proxyType = 1;
			remoteGlobalIDString = 77390F3C1F5FCFBE0072324B;
			remoteInfo = WWProject;
		};
/* End PBXContainerItemProxy section */

/* Begin PBXFileReference section */
		006C4DA9572F4CE946E74556 /* Pods-WWProject.release.xcconfig */ = {isa = PBXFileReference; includeInIndex = 1; lastKnownFileType = text.xcconfig; name = "Pods-WWProject.release.xcconfig"; path = "Pods/Target Support Files/Pods-WWProject/Pods-WWProject.release.xcconfig"; sourceTree = "<group>"; };
		7738BDE21FA1CA5500CCF097 /* WWArticleCacheModel.h */ = {isa = PBXFileReference; lastKnownFileType = sourcecode.c.h; path = WWArticleCacheModel.h; sourceTree = "<group>"; };
		7738BDE31FA1CA5500CCF097 /* WWArticleCacheModel.m */ = {isa = PBXFileReference; lastKnownFileType = sourcecode.c.objc; path = WWArticleCacheModel.m; sourceTree = "<group>"; };
		7738BDE61FA1CAAE00CCF097 /* WWAccountCacheModel.h */ = {isa = PBXFileReference; lastKnownFileType = sourcecode.c.h; path = WWAccountCacheModel.h; sourceTree = "<group>"; };
		7738BDE71FA1CAAE00CCF097 /* WWAccountCacheModel.m */ = {isa = PBXFileReference; lastKnownFileType = sourcecode.c.objc; path = WWAccountCacheModel.m; sourceTree = "<group>"; };
		77390F3D1F5FCFBE0072324B /* WWProject.app */ = {isa = PBXFileReference; explicitFileType = wrapper.application; includeInIndex = 0; path = WWProject.app; sourceTree = BUILT_PRODUCTS_DIR; };
		77390F411F5FCFBE0072324B /* main.m */ = {isa = PBXFileReference; lastKnownFileType = sourcecode.c.objc; path = main.m; sourceTree = "<group>"; };
		77390F431F5FCFBE0072324B /* AppDelegate.h */ = {isa = PBXFileReference; lastKnownFileType = sourcecode.c.h; path = AppDelegate.h; sourceTree = "<group>"; };
		77390F441F5FCFBE0072324B /* AppDelegate.m */ = {isa = PBXFileReference; lastKnownFileType = sourcecode.c.objc; path = AppDelegate.m; sourceTree = "<group>"; };
		77390F4C1F5FCFBE0072324B /* Assets.xcassets */ = {isa = PBXFileReference; lastKnownFileType = folder.assetcatalog; path = Assets.xcassets; sourceTree = "<group>"; };
		77390F4F1F5FCFBE0072324B /* Base */ = {isa = PBXFileReference; lastKnownFileType = file.storyboard; name = Base; path = Base.lproj/LaunchScreen.storyboard; sourceTree = "<group>"; };
		77390F511F5FCFBE0072324B /* Info.plist */ = {isa = PBXFileReference; lastKnownFileType = text.plist.xml; path = Info.plist; sourceTree = "<group>"; };
		77390F561F5FCFBE0072324B /* WWProjectTests.xctest */ = {isa = PBXFileReference; explicitFileType = wrapper.cfbundle; includeInIndex = 0; path = WWProjectTests.xctest; sourceTree = BUILT_PRODUCTS_DIR; };
		77390F5A1F5FCFBE0072324B /* WWProjectTests.m */ = {isa = PBXFileReference; lastKnownFileType = sourcecode.c.objc; path = WWProjectTests.m; sourceTree = "<group>"; };
		77390F5C1F5FCFBE0072324B /* Info.plist */ = {isa = PBXFileReference; lastKnownFileType = text.plist.xml; path = Info.plist; sourceTree = "<group>"; };
		77390F611F5FCFBE0072324B /* WWProjectUITests.xctest */ = {isa = PBXFileReference; explicitFileType = wrapper.cfbundle; includeInIndex = 0; path = WWProjectUITests.xctest; sourceTree = BUILT_PRODUCTS_DIR; };
		77390F651F5FCFBE0072324B /* WWProjectUITests.m */ = {isa = PBXFileReference; lastKnownFileType = sourcecode.c.objc; path = WWProjectUITests.m; sourceTree = "<group>"; };
		77390F671F5FCFBE0072324B /* Info.plist */ = {isa = PBXFileReference; lastKnownFileType = text.plist.xml; path = Info.plist; sourceTree = "<group>"; };
		77390F931F5FE3720072324B /* XTSegmentControl.h */ = {isa = PBXFileReference; fileEncoding = 4; lastKnownFileType = sourcecode.c.h; path = XTSegmentControl.h; sourceTree = "<group>"; };
		77390F941F5FE3720072324B /* XTSegmentControl.m */ = {isa = PBXFileReference; fileEncoding = 4; lastKnownFileType = sourcecode.c.objc; path = XTSegmentControl.m; sourceTree = "<group>"; };
		77390F961F5FE4890072324B /* WWProject-Prefix.pch */ = {isa = PBXFileReference; fileEncoding = 4; lastKnownFileType = sourcecode.c.h; path = "WWProject-Prefix.pch"; sourceTree = "<group>"; };
		77390F9C1F5FE9130072324B /* UIColor+Extension.h */ = {isa = PBXFileReference; fileEncoding = 4; lastKnownFileType = sourcecode.c.h; path = "UIColor+Extension.h"; sourceTree = "<group>"; };
		77390F9D1F5FE9130072324B /* UIColor+Extension.m */ = {isa = PBXFileReference; fileEncoding = 4; lastKnownFileType = sourcecode.c.objc; path = "UIColor+Extension.m"; sourceTree = "<group>"; };
		77390FA01F5FEA640072324B /* AutoSlideScrollView.h */ = {isa = PBXFileReference; fileEncoding = 4; lastKnownFileType = sourcecode.c.h; path = AutoSlideScrollView.h; sourceTree = "<group>"; };
		77390FA11F5FEA640072324B /* AutoSlideScrollView.m */ = {isa = PBXFileReference; fileEncoding = 4; lastKnownFileType = sourcecode.c.objc; path = AutoSlideScrollView.m; sourceTree = "<group>"; };
		77390FA21F5FEA640072324B /* NSTimer+Addition.h */ = {isa = PBXFileReference; fileEncoding = 4; lastKnownFileType = sourcecode.c.h; path = "NSTimer+Addition.h"; sourceTree = "<group>"; };
		77390FA31F5FEA640072324B /* NSTimer+Addition.m */ = {isa = PBXFileReference; fileEncoding = 4; lastKnownFileType = sourcecode.c.objc; path = "NSTimer+Addition.m"; sourceTree = "<group>"; };
		77390FAD1F5FEB790072324B /* WWMainViewController.h */ = {isa = PBXFileReference; fileEncoding = 4; lastKnownFileType = sourcecode.c.h; path = WWMainViewController.h; sourceTree = "<group>"; };
		77390FAE1F5FEB790072324B /* WWMainViewController.m */ = {isa = PBXFileReference; fileEncoding = 4; lastKnownFileType = sourcecode.c.objc; path = WWMainViewController.m; sourceTree = "<group>"; };
		77390FB21F5FEB790072324B /* RootTabBarViewController.h */ = {isa = PBXFileReference; fileEncoding = 4; lastKnownFileType = sourcecode.c.h; path = RootTabBarViewController.h; sourceTree = "<group>"; };
		77390FB31F5FEB790072324B /* RootTabBarViewController.m */ = {isa = PBXFileReference; fileEncoding = 4; lastKnownFileType = sourcecode.c.objc; path = RootTabBarViewController.m; sourceTree = "<group>"; };
		77390FB81F5FED850072324B /* BannerView.h */ = {isa = PBXFileReference; fileEncoding = 4; lastKnownFileType = sourcecode.c.h; path = BannerView.h; sourceTree = "<group>"; };
		77390FB91F5FED850072324B /* BannerView.m */ = {isa = PBXFileReference; fileEncoding = 4; lastKnownFileType = sourcecode.c.objc; path = BannerView.m; sourceTree = "<group>"; };
		77390FBB1F5FFAA70072324B /* UIView+Extension.h */ = {isa = PBXFileReference; fileEncoding = 4; lastKnownFileType = sourcecode.c.h; path = "UIView+Extension.h"; sourceTree = "<group>"; };
		77390FBC1F5FFAA70072324B /* UIView+Extension.m */ = {isa = PBXFileReference; fileEncoding = 4; lastKnownFileType = sourcecode.c.objc; path = "UIView+Extension.m"; sourceTree = "<group>"; };
		774994861F8C6869001F9E36 /* WWImageView.h */ = {isa = PBXFileReference; lastKnownFileType = sourcecode.c.h; path = WWImageView.h; sourceTree = "<group>"; };
		774994871F8C6869001F9E36 /* WWImageView.m */ = {isa = PBXFileReference; lastKnownFileType = sourcecode.c.objc; path = WWImageView.m; sourceTree = "<group>"; };
		7749948D1F8DCC99001F9E36 /* WWMainNavigationController.h */ = {isa = PBXFileReference; lastKnownFileType = sourcecode.c.h; path = WWMainNavigationController.h; sourceTree = "<group>"; };
		7749948E1F8DCC99001F9E36 /* WWMainNavigationController.m */ = {isa = PBXFileReference; lastKnownFileType = sourcecode.c.objc; path = WWMainNavigationController.m; sourceTree = "<group>"; };
		774994901F8DED9E001F9E36 /* WWSearchViewController.h */ = {isa = PBXFileReference; lastKnownFileType = sourcecode.c.h; path = WWSearchViewController.h; sourceTree = "<group>"; };
		774994911F8DED9E001F9E36 /* WWSearchViewController.m */ = {isa = PBXFileReference; lastKnownFileType = sourcecode.c.objc; path = WWSearchViewController.m; sourceTree = "<group>"; };
		774994961F8DF01D001F9E36 /* WWSearchBar.h */ = {isa = PBXFileReference; lastKnownFileType = sourcecode.c.h; path = WWSearchBar.h; sourceTree = "<group>"; };
		774994971F8DF01D001F9E36 /* WWSearchBar.m */ = {isa = PBXFileReference; lastKnownFileType = sourcecode.c.objc; path = WWSearchBar.m; sourceTree = "<group>"; };
		7749949C1F8E1094001F9E36 /* WWAccountModel.h */ = {isa = PBXFileReference; lastKnownFileType = sourcecode.c.h; path = WWAccountModel.h; sourceTree = "<group>"; };
		7749949D1F8E1094001F9E36 /* WWAccountModel.m */ = {isa = PBXFileReference; lastKnownFileType = sourcecode.c.objc; path = WWAccountModel.m; sourceTree = "<group>"; };
		774994C81F8F5F5B001F9E36 /* WWSearchTableView.h */ = {isa = PBXFileReference; lastKnownFileType = sourcecode.c.h; path = WWSearchTableView.h; sourceTree = "<group>"; };
		774994C91F8F5F5B001F9E36 /* WWSearchTableView.m */ = {isa = PBXFileReference; lastKnownFileType = sourcecode.c.objc; path = WWSearchTableView.m; sourceTree = "<group>"; };
		774994D21F90917F001F9E36 /* WWArticleTableViewCell.h */ = {isa = PBXFileReference; lastKnownFileType = sourcecode.c.h; path = WWArticleTableViewCell.h; sourceTree = "<group>"; };
		774994D31F90917F001F9E36 /* WWArticleTableViewCell.m */ = {isa = PBXFileReference; lastKnownFileType = sourcecode.c.objc; path = WWArticleTableViewCell.m; sourceTree = "<group>"; };
		774994D71F909410001F9E36 /* WWAccountTableViewCell.h */ = {isa = PBXFileReference; lastKnownFileType = sourcecode.c.h; path = WWAccountTableViewCell.h; sourceTree = "<group>"; };
		774994D81F909410001F9E36 /* WWAccountTableViewCell.m */ = {isa = PBXFileReference; lastKnownFileType = sourcecode.c.objc; path = WWAccountTableViewCell.m; sourceTree = "<group>"; };
		777A1AE71F95D6E700DCE9EA /* WWWebPopView.h */ = {isa = PBXFileReference; lastKnownFileType = sourcecode.c.h; path = WWWebPopView.h; sourceTree = "<group>"; };
		777A1AE81F95D6E700DCE9EA /* WWWebPopView.m */ = {isa = PBXFileReference; lastKnownFileType = sourcecode.c.objc; path = WWWebPopView.m; sourceTree = "<group>"; };
		777A1AEA1F95E2CA00DCE9EA /* WWPopViewItemButton.h */ = {isa = PBXFileReference; lastKnownFileType = sourcecode.c.h; path = WWPopViewItemButton.h; sourceTree = "<group>"; };
		777A1AEB1F95E2CA00DCE9EA /* WWPopViewItemButton.m */ = {isa = PBXFileReference; lastKnownFileType = sourcecode.c.objc; path = WWPopViewItemButton.m; sourceTree = "<group>"; };
		777A1AF91F984F0000DCE9EA /* WWAccountMainPageViewController.h */ = {isa = PBXFileReference; lastKnownFileType = sourcecode.c.h; path = WWAccountMainPageViewController.h; sourceTree = "<group>"; };
		777A1AFA1F984F0000DCE9EA /* WWAccountMainPageViewController.m */ = {isa = PBXFileReference; lastKnownFileType = sourcecode.c.objc; path = WWAccountMainPageViewController.m; sourceTree = "<group>"; };
		777A1B051F987F7400DCE9EA /* WWAccountMainPageService.h */ = {isa = PBXFileReference; lastKnownFileType = sourcecode.c.h; path = WWAccountMainPageService.h; sourceTree = "<group>"; };
		777A1B061F987F7400DCE9EA /* WWAccountMainPageService.m */ = {isa = PBXFileReference; lastKnownFileType = sourcecode.c.objc; path = WWAccountMainPageService.m; sourceTree = "<group>"; };
		779276ED1FA060B100D3E55B /* WWFavoriteViewController.h */ = {isa = PBXFileReference; lastKnownFileType = sourcecode.c.h; path = WWFavoriteViewController.h; sourceTree = "<group>"; };
		779276EE1FA060B100D3E55B /* WWFavoriteViewController.m */ = {isa = PBXFileReference; lastKnownFileType = sourcecode.c.objc; path = WWFavoriteViewController.m; sourceTree = "<group>"; };
		779276F01FA065C800D3E55B /* WWFavoriteTableView.h */ = {isa = PBXFileReference; lastKnownFileType = sourcecode.c.h; path = WWFavoriteTableView.h; sourceTree = "<group>"; };
		779276F11FA065C800D3E55B /* WWFavoriteTableView.m */ = {isa = PBXFileReference; lastKnownFileType = sourcecode.c.objc; path = WWFavoriteTableView.m; sourceTree = "<group>"; };
		779276F41FA06A5400D3E55B /* WWAccountMainPageAPIManager.h */ = {isa = PBXFileReference; fileEncoding = 4; lastKnownFileType = sourcecode.c.h; path = WWAccountMainPageAPIManager.h; sourceTree = "<group>"; };
		779276F51FA06A5400D3E55B /* WWAccountMainPageAPIManager.m */ = {isa = PBXFileReference; fileEncoding = 4; lastKnownFileType = sourcecode.c.objc; path = WWAccountMainPageAPIManager.m; sourceTree = "<group>"; };
		779276F61FA06A5400D3E55B /* WWAccountSearchAPIManager.h */ = {isa = PBXFileReference; fileEncoding = 4; lastKnownFileType = sourcecode.c.h; path = WWAccountSearchAPIManager.h; sourceTree = "<group>"; };
		779276F71FA06A5400D3E55B /* WWAccountSearchAPIManager.m */ = {isa = PBXFileReference; fileEncoding = 4; lastKnownFileType = sourcecode.c.objc; path = WWAccountSearchAPIManager.m; sourceTree = "<group>"; };
		779276F81FA06A5400D3E55B /* WWArticleSearchAPIManager.h */ = {isa = PBXFileReference; fileEncoding = 4; lastKnownFileType = sourcecode.c.h; path = WWArticleSearchAPIManager.h; sourceTree = "<group>"; };
		779276F91FA06A5400D3E55B /* WWArticleSearchAPIManager.m */ = {isa = PBXFileReference; fileEncoding = 4; lastKnownFileType = sourcecode.c.objc; path = WWArticleSearchAPIManager.m; sourceTree = "<group>"; };
		779276FA1FA06A5400D3E55B /* WWMainPageAPIManager.h */ = {isa = PBXFileReference; fileEncoding = 4; lastKnownFileType = sourcecode.c.h; path = WWMainPageAPIManager.h; sourceTree = "<group>"; };
		779276FB1FA06A5400D3E55B /* WWMainPageAPIManager.m */ = {isa = PBXFileReference; fileEncoding = 4; lastKnownFileType = sourcecode.c.objc; path = WWMainPageAPIManager.m; sourceTree = "<group>"; };
		779276FC1FA06A5400D3E55B /* WWMainPageTagInfoManager.h */ = {isa = PBXFileReference; fileEncoding = 4; lastKnownFileType = sourcecode.c.h; path = WWMainPageTagInfoManager.h; sourceTree = "<group>"; };
		779276FD1FA06A5400D3E55B /* WWMainPageTagInfoManager.m */ = {isa = PBXFileReference; fileEncoding = 4; lastKnownFileType = sourcecode.c.objc; path = WWMainPageTagInfoManager.m; sourceTree = "<group>"; };
		779276FE1FA06A5400D3E55B /* WWTools.h */ = {isa = PBXFileReference; fileEncoding = 4; lastKnownFileType = sourcecode.c.h; path = WWTools.h; sourceTree = "<group>"; };
		779276FF1FA06A5400D3E55B /* WWTools.m */ = {isa = PBXFileReference; fileEncoding = 4; lastKnownFileType = sourcecode.c.objc; path = WWTools.m; sourceTree = "<group>"; };
		779277001FA06A5400D3E55B /* WWWXArticleAPIManager.h */ = {isa = PBXFileReference; fileEncoding = 4; lastKnownFileType = sourcecode.c.h; path = WWWXArticleAPIManager.h; sourceTree = "<group>"; };
		779277011FA06A5400D3E55B /* WWWXArticleAPIManager.m */ = {isa = PBXFileReference; fileEncoding = 4; lastKnownFileType = sourcecode.c.objc; path = WWWXArticleAPIManager.m; sourceTree = "<group>"; };
		77C8985B1F8B7CB90046EA13 /* WWMainPageTagModel.h */ = {isa = PBXFileReference; lastKnownFileType = sourcecode.c.h; path = WWMainPageTagModel.h; sourceTree = "<group>"; };
		77C8985C1F8B7CB90046EA13 /* WWMainPageTagModel.m */ = {isa = PBXFileReference; lastKnownFileType = sourcecode.c.objc; path = WWMainPageTagModel.m; sourceTree = "<group>"; };
		77C898611F8B7D580046EA13 /* WWHotwordModel.m */ = {isa = PBXFileReference; lastKnownFileType = sourcecode.c.objc; path = WWHotwordModel.m; sourceTree = "<group>"; };
		77C898621F8B7D580046EA13 /* WWArticleItemModel.h */ = {isa = PBXFileReference; lastKnownFileType = sourcecode.c.h; path = WWArticleItemModel.h; sourceTree = "<group>"; };
		77C898631F8B7D580046EA13 /* WWHotwordModel.h */ = {isa = PBXFileReference; lastKnownFileType = sourcecode.c.h; path = WWHotwordModel.h; sourceTree = "<group>"; };
		77C898641F8B7D580046EA13 /* WWArticleItemModel.m */ = {isa = PBXFileReference; lastKnownFileType = sourcecode.c.objc; path = WWArticleItemModel.m; sourceTree = "<group>"; };
		77C898671F8B7DA40046EA13 /* WWMainPageModel.h */ = {isa = PBXFileReference; lastKnownFileType = sourcecode.c.h; path = WWMainPageModel.h; sourceTree = "<group>"; };
		77C898681F8B7DA40046EA13 /* WWMainPageModel.m */ = {isa = PBXFileReference; lastKnownFileType = sourcecode.c.objc; path = WWMainPageModel.m; sourceTree = "<group>"; };
		7F6303957A4A0C96FEE96A4C /* Pods-WWProject.debug.xcconfig */ = {isa = PBXFileReference; includeInIndex = 1; lastKnownFileType = text.xcconfig; name = "Pods-WWProject.debug.xcconfig"; path = "Pods/Target Support Files/Pods-WWProject/Pods-WWProject.debug.xcconfig"; sourceTree = "<group>"; };
		805E48801F8FB08C009C7C0A /* TFHpple.h */ = {isa = PBXFileReference; fileEncoding = 4; lastKnownFileType = sourcecode.c.h; path = TFHpple.h; sourceTree = "<group>"; };
		805E48811F8FB08C009C7C0A /* TFHpple.m */ = {isa = PBXFileReference; fileEncoding = 4; lastKnownFileType = sourcecode.c.objc; path = TFHpple.m; sourceTree = "<group>"; };
		805E48821F8FB08C009C7C0A /* TFHppleElement.h */ = {isa = PBXFileReference; fileEncoding = 4; lastKnownFileType = sourcecode.c.h; path = TFHppleElement.h; sourceTree = "<group>"; };
		805E48831F8FB08C009C7C0A /* TFHppleElement.m */ = {isa = PBXFileReference; fileEncoding = 4; lastKnownFileType = sourcecode.c.objc; path = TFHppleElement.m; sourceTree = "<group>"; };
		805E48841F8FB08C009C7C0A /* XPathQuery.h */ = {isa = PBXFileReference; fileEncoding = 4; lastKnownFileType = sourcecode.c.h; path = XPathQuery.h; sourceTree = "<group>"; };
		805E48851F8FB08C009C7C0A /* XPathQuery.m */ = {isa = PBXFileReference; fileEncoding = 4; lastKnownFileType = sourcecode.c.objc; path = XPathQuery.m; sourceTree = "<group>"; };
		805E48891F8FBDE8009C7C0A /* NSString+Extension.h */ = {isa = PBXFileReference; fileEncoding = 4; lastKnownFileType = sourcecode.c.h; path = "NSString+Extension.h"; sourceTree = "<group>"; };
		805E488A1F8FBDE8009C7C0A /* NSString+Extension.m */ = {isa = PBXFileReference; fileEncoding = 4; lastKnownFileType = sourcecode.c.objc; path = "NSString+Extension.m"; sourceTree = "<group>"; };
		8061F9431F7D44B500E7F4C8 /* NSURLRequest+KOGNetworking.h */ = {isa = PBXFileReference; fileEncoding = 4; lastKnownFileType = sourcecode.c.h; path = "NSURLRequest+KOGNetworking.h"; sourceTree = "<group>"; };
		8061F9441F7D44B500E7F4C8 /* NSURLRequest+KOGNetworking.m */ = {isa = PBXFileReference; fileEncoding = 4; lastKnownFileType = sourcecode.c.objc; path = "NSURLRequest+KOGNetworking.m"; sourceTree = "<group>"; };
		8061F9471F7D44B500E7F4C8 /* KOGAPIProxy.h */ = {isa = PBXFileReference; fileEncoding = 4; lastKnownFileType = sourcecode.c.h; path = KOGAPIProxy.h; sourceTree = "<group>"; };
		8061F9481F7D44B500E7F4C8 /* KOGAPIProxy.m */ = {isa = PBXFileReference; fileEncoding = 4; lastKnownFileType = sourcecode.c.objc; path = KOGAPIProxy.m; sourceTree = "<group>"; };
		8061F94A1F7D44B500E7F4C8 /* KOGAPIBaseManager.h */ = {isa = PBXFileReference; fileEncoding = 4; lastKnownFileType = sourcecode.c.h; path = KOGAPIBaseManager.h; sourceTree = "<group>"; };
		8061F94B1F7D44B500E7F4C8 /* KOGAPIBaseManager.m */ = {isa = PBXFileReference; fileEncoding = 4; lastKnownFileType = sourcecode.c.objc; path = KOGAPIBaseManager.m; sourceTree = "<group>"; };
		8061F94D1F7D44B500E7F4C8 /* KOGURLResponse.h */ = {isa = PBXFileReference; fileEncoding = 4; lastKnownFileType = sourcecode.c.h; path = KOGURLResponse.h; sourceTree = "<group>"; };
		8061F94E1F7D44B500E7F4C8 /* KOGURLResponse.m */ = {isa = PBXFileReference; fileEncoding = 4; lastKnownFileType = sourcecode.c.objc; path = KOGURLResponse.m; sourceTree = "<group>"; };
		8061F9501F7D44B500E7F4C8 /* KOGRequestGenerator.h */ = {isa = PBXFileReference; fileEncoding = 4; lastKnownFileType = sourcecode.c.h; path = KOGRequestGenerator.h; sourceTree = "<group>"; };
		8061F9511F7D44B500E7F4C8 /* KOGRequestGenerator.m */ = {isa = PBXFileReference; fileEncoding = 4; lastKnownFileType = sourcecode.c.objc; path = KOGRequestGenerator.m; sourceTree = "<group>"; };
		8061F9521F7D44B500E7F4C8 /* KOGNetworking.h */ = {isa = PBXFileReference; fileEncoding = 4; lastKnownFileType = sourcecode.c.h; path = KOGNetworking.h; sourceTree = "<group>"; };
		8061F9541F7D44B500E7F4C8 /* KOGService.h */ = {isa = PBXFileReference; fileEncoding = 4; lastKnownFileType = sourcecode.c.h; path = KOGService.h; sourceTree = "<group>"; };
		8061F9551F7D44B500E7F4C8 /* KOGService.m */ = {isa = PBXFileReference; fileEncoding = 4; lastKnownFileType = sourcecode.c.objc; path = KOGService.m; sourceTree = "<group>"; };
		8061F9561F7D44B500E7F4C8 /* KOGServiceFactory.h */ = {isa = PBXFileReference; fileEncoding = 4; lastKnownFileType = sourcecode.c.h; path = KOGServiceFactory.h; sourceTree = "<group>"; };
		8061F9571F7D44B500E7F4C8 /* KOGServiceFactory.m */ = {isa = PBXFileReference; fileEncoding = 4; lastKnownFileType = sourcecode.c.objc; path = KOGServiceFactory.m; sourceTree = "<group>"; };
		8061F95A1F7D44B500E7F4C8 /* KOGAppContext.h */ = {isa = PBXFileReference; fileEncoding = 4; lastKnownFileType = sourcecode.c.h; path = KOGAppContext.h; sourceTree = "<group>"; };
		8061F95B1F7D44B500E7F4C8 /* KOGAppContext.m */ = {isa = PBXFileReference; fileEncoding = 4; lastKnownFileType = sourcecode.c.objc; path = KOGAppContext.m; sourceTree = "<group>"; };
		8061F95D1F7D44B500E7F4C8 /* KOGNetworkingConfiguration.h */ = {isa = PBXFileReference; fileEncoding = 4; lastKnownFileType = sourcecode.c.h; path = KOGNetworkingConfiguration.h; sourceTree = "<group>"; };
		8061F95E1F7D44B500E7F4C8 /* KOGNetworkingConfiguration.plist */ = {isa = PBXFileReference; fileEncoding = 4; lastKnownFileType = text.plist.xml; path = KOGNetworkingConfiguration.plist; sourceTree = "<group>"; };
		8061F96F1F7D45B100E7F4C8 /* WWMainPageService.h */ = {isa = PBXFileReference; fileEncoding = 4; lastKnownFileType = sourcecode.c.h; path = WWMainPageService.h; sourceTree = "<group>"; };
		8061F9701F7D45B100E7F4C8 /* WWMainPageService.m */ = {isa = PBXFileReference; fileEncoding = 4; lastKnownFileType = sourcecode.c.objc; path = WWMainPageService.m; sourceTree = "<group>"; };
		807EAE8C1F95062B0001361D /* WWWebViewController.h */ = {isa = PBXFileReference; fileEncoding = 4; lastKnownFileType = sourcecode.c.h; path = WWWebViewController.h; sourceTree = "<group>"; };
		807EAE8D1F95062B0001361D /* WWWebViewController.m */ = {isa = PBXFileReference; fileEncoding = 4; lastKnownFileType = sourcecode.c.objc; path = WWWebViewController.m; sourceTree = "<group>"; };
		80A219281F8BB46F003E3361 /* WWTagTableView.h */ = {isa = PBXFileReference; fileEncoding = 4; lastKnownFileType = sourcecode.c.h; path = WWTagTableView.h; sourceTree = "<group>"; };
		80A219291F8BB46F003E3361 /* WWTagTableView.m */ = {isa = PBXFileReference; fileEncoding = 4; lastKnownFileType = sourcecode.c.objc; path = WWTagTableView.m; sourceTree = "<group>"; };
		9A81015F922E1019DEA8FAC9 /* libPods-WWProject.a */ = {isa = PBXFileReference; explicitFileType = archive.ar; includeInIndex = 0; path = "libPods-WWProject.a"; sourceTree = BUILT_PRODUCTS_DIR; };
/* End PBXFileReference section */

/* Begin PBXFrameworksBuildPhase section */
		77390F3A1F5FCFBE0072324B /* Frameworks */ = {
			isa = PBXFrameworksBuildPhase;
			buildActionMask = 2147483647;
			files = (
				89ABAB314383FCE8A9FC6E74 /* libPods-WWProject.a in Frameworks */,
			);
			runOnlyForDeploymentPostprocessing = 0;
		};
		77390F531F5FCFBE0072324B /* Frameworks */ = {
			isa = PBXFrameworksBuildPhase;
			buildActionMask = 2147483647;
			files = (
			);
			runOnlyForDeploymentPostprocessing = 0;
		};
		77390F5E1F5FCFBE0072324B /* Frameworks */ = {
			isa = PBXFrameworksBuildPhase;
			buildActionMask = 2147483647;
			files = (
			);
			runOnlyForDeploymentPostprocessing = 0;
		};
/* End PBXFrameworksBuildPhase section */

/* Begin PBXGroup section */
		14A93F7E48D761CA06C1D00E /* Pods */ = {
			isa = PBXGroup;
			children = (
				7F6303957A4A0C96FEE96A4C /* Pods-WWProject.debug.xcconfig */,
				006C4DA9572F4CE946E74556 /* Pods-WWProject.release.xcconfig */,
			);
			name = Pods;
			sourceTree = "<group>";
		};
		7738BDE51FA1CA8B00CCF097 /* Models */ = {
			isa = PBXGroup;
			children = (
				7738BDE21FA1CA5500CCF097 /* WWArticleCacheModel.h */,
				7738BDE31FA1CA5500CCF097 /* WWArticleCacheModel.m */,
				7738BDE61FA1CAAE00CCF097 /* WWAccountCacheModel.h */,
				7738BDE71FA1CAAE00CCF097 /* WWAccountCacheModel.m */,
			);
			path = Models;
			sourceTree = "<group>";
		};
		77390F341F5FCFBE0072324B = {
			isa = PBXGroup;
			children = (
				77390F3F1F5FCFBE0072324B /* WWProject */,
				77390F591F5FCFBE0072324B /* WWProjectTests */,
				77390F641F5FCFBE0072324B /* WWProjectUITests */,
				77390F3E1F5FCFBE0072324B /* Products */,
				14A93F7E48D761CA06C1D00E /* Pods */,
				95031C038BB518C598328C83 /* Frameworks */,
			);
			sourceTree = "<group>";
		};
		77390F3E1F5FCFBE0072324B /* Products */ = {
			isa = PBXGroup;
			children = (
				77390F3D1F5FCFBE0072324B /* WWProject.app */,
				77390F561F5FCFBE0072324B /* WWProjectTests.xctest */,
				77390F611F5FCFBE0072324B /* WWProjectUITests.xctest */,
			);
			name = Products;
			sourceTree = "<group>";
		};
		77390F3F1F5FCFBE0072324B /* WWProject */ = {
			isa = PBXGroup;
			children = (
				77390F811F5FDD850072324B /* Classes */,
				77390F911F5FE3720072324B /* Third */,
				77390F9B1F5FE9130072324B /* Extension */,
				77390F401F5FCFBE0072324B /* Supporting Files */,
			);
			path = WWProject;
			sourceTree = "<group>";
		};
		77390F401F5FCFBE0072324B /* Supporting Files */ = {
			isa = PBXGroup;
			children = (
				77390F431F5FCFBE0072324B /* AppDelegate.h */,
				77390F441F5FCFBE0072324B /* AppDelegate.m */,
				77390F4C1F5FCFBE0072324B /* Assets.xcassets */,
				77390F4E1F5FCFBE0072324B /* LaunchScreen.storyboard */,
				77390F511F5FCFBE0072324B /* Info.plist */,
				77390F411F5FCFBE0072324B /* main.m */,
				77390F961F5FE4890072324B /* WWProject-Prefix.pch */,
			);
			name = "Supporting Files";
			sourceTree = "<group>";
		};
		77390F591F5FCFBE0072324B /* WWProjectTests */ = {
			isa = PBXGroup;
			children = (
				77390F5A1F5FCFBE0072324B /* WWProjectTests.m */,
				77390F5C1F5FCFBE0072324B /* Info.plist */,
			);
			path = WWProjectTests;
			sourceTree = "<group>";
		};
		77390F641F5FCFBE0072324B /* WWProjectUITests */ = {
			isa = PBXGroup;
			children = (
				77390F651F5FCFBE0072324B /* WWProjectUITests.m */,
				77390F671F5FCFBE0072324B /* Info.plist */,
			);
			path = WWProjectUITests;
			sourceTree = "<group>";
		};
		77390F811F5FDD850072324B /* Classes */ = {
			isa = PBXGroup;
			children = (
				77390FB01F5FEB790072324B /* Root */,
				77390FAB1F5FEB790072324B /* Main */,
				77390FA61F5FEB790072324B /* Favorite */,
				779276F31FA06A5400D3E55B /* Tools */,
			);
			path = Classes;
			sourceTree = "<group>";
		};
		77390F911F5FE3720072324B /* Third */ = {
			isa = PBXGroup;
			children = (
				805E487F1F8FB08C009C7C0A /* hpple */,
				8061F9401F7D44B500E7F4C8 /* KOGNetworking */,
				77390F921F5FE3720072324B /* XTSegmentControl */,
				77390F9F1F5FEA640072324B /* AutoSlideScrollView */,
			);
			path = Third;
			sourceTree = "<group>";
		};
		77390F921F5FE3720072324B /* XTSegmentControl */ = {
			isa = PBXGroup;
			children = (
				77390F931F5FE3720072324B /* XTSegmentControl.h */,
				77390F941F5FE3720072324B /* XTSegmentControl.m */,
			);
			path = XTSegmentControl;
			sourceTree = "<group>";
		};
		77390F9B1F5FE9130072324B /* Extension */ = {
			isa = PBXGroup;
			children = (
				77390F9C1F5FE9130072324B /* UIColor+Extension.h */,
				77390F9D1F5FE9130072324B /* UIColor+Extension.m */,
				77390FBB1F5FFAA70072324B /* UIView+Extension.h */,
				77390FBC1F5FFAA70072324B /* UIView+Extension.m */,
				805E48891F8FBDE8009C7C0A /* NSString+Extension.h */,
				805E488A1F8FBDE8009C7C0A /* NSString+Extension.m */,
			);
			path = Extension;
			sourceTree = "<group>";
		};
		77390F9F1F5FEA640072324B /* AutoSlideScrollView */ = {
			isa = PBXGroup;
			children = (
				77390FA01F5FEA640072324B /* AutoSlideScrollView.h */,
				77390FA11F5FEA640072324B /* AutoSlideScrollView.m */,
				77390FA21F5FEA640072324B /* NSTimer+Addition.h */,
				77390FA31F5FEA640072324B /* NSTimer+Addition.m */,
			);
			path = AutoSlideScrollView;
			sourceTree = "<group>";
		};
		77390FA61F5FEB790072324B /* Favorite */ = {
			isa = PBXGroup;
			children = (
				77390FA71F5FEB790072324B /* Controllers */,
				77390FAA1F5FEB790072324B /* Views */,
				7738BDE51FA1CA8B00CCF097 /* Models */,
			);
			path = Favorite;
			sourceTree = "<group>";
		};
		77390FA71F5FEB790072324B /* Controllers */ = {
			isa = PBXGroup;
			children = (
				779276ED1FA060B100D3E55B /* WWFavoriteViewController.h */,
				779276EE1FA060B100D3E55B /* WWFavoriteViewController.m */,
			);
			path = Controllers;
			sourceTree = "<group>";
		};
		77390FAA1F5FEB790072324B /* Views */ = {
			isa = PBXGroup;
			children = (
				779276F01FA065C800D3E55B /* WWFavoriteTableView.h */,
				779276F11FA065C800D3E55B /* WWFavoriteTableView.m */,
			);
			path = Views;
			sourceTree = "<group>";
		};
		77390FAB1F5FEB790072324B /* Main */ = {
			isa = PBXGroup;
			children = (
				77390FAC1F5FEB790072324B /* Controllers */,
				77390FAF1F5FEB790072324B /* Views */,
				77C8985A1F8B7CAF0046EA13 /* Models */,
			);
			path = Main;
			sourceTree = "<group>";
		};
		77390FAC1F5FEB790072324B /* Controllers */ = {
			isa = PBXGroup;
			children = (
				77390FAD1F5FEB790072324B /* WWMainViewController.h */,
				77390FAE1F5FEB790072324B /* WWMainViewController.m */,
				7749948D1F8DCC99001F9E36 /* WWMainNavigationController.h */,
				7749948E1F8DCC99001F9E36 /* WWMainNavigationController.m */,
				774994901F8DED9E001F9E36 /* WWSearchViewController.h */,
				774994911F8DED9E001F9E36 /* WWSearchViewController.m */,
				807EAE8C1F95062B0001361D /* WWWebViewController.h */,
				807EAE8D1F95062B0001361D /* WWWebViewController.m */,
				777A1AF91F984F0000DCE9EA /* WWAccountMainPageViewController.h */,
				777A1AFA1F984F0000DCE9EA /* WWAccountMainPageViewController.m */,
			);
			path = Controllers;
			sourceTree = "<group>";
		};
		77390FAF1F5FEB790072324B /* Views */ = {
			isa = PBXGroup;
			children = (
				774994D11F90916A001F9E36 /* Cells */,
				77390FB81F5FED850072324B /* BannerView.h */,
				77390FB91F5FED850072324B /* BannerView.m */,
				774994861F8C6869001F9E36 /* WWImageView.h */,
				774994871F8C6869001F9E36 /* WWImageView.m */,
				80A219281F8BB46F003E3361 /* WWTagTableView.h */,
				80A219291F8BB46F003E3361 /* WWTagTableView.m */,
				774994961F8DF01D001F9E36 /* WWSearchBar.h */,
				774994971F8DF01D001F9E36 /* WWSearchBar.m */,
				774994C81F8F5F5B001F9E36 /* WWSearchTableView.h */,
				774994C91F8F5F5B001F9E36 /* WWSearchTableView.m */,
				777A1AE71F95D6E700DCE9EA /* WWWebPopView.h */,
				777A1AE81F95D6E700DCE9EA /* WWWebPopView.m */,
				777A1AEA1F95E2CA00DCE9EA /* WWPopViewItemButton.h */,
				777A1AEB1F95E2CA00DCE9EA /* WWPopViewItemButton.m */,
			);
			path = Views;
			sourceTree = "<group>";
		};
		77390FB01F5FEB790072324B /* Root */ = {
			isa = PBXGroup;
			children = (
				77390FB11F5FEB790072324B /* Controllers */,
				77390FB41F5FEB790072324B /* Views */,
				8061F9751F7D5E3300E7F4C8 /* Models */,
			);
			path = Root;
			sourceTree = "<group>";
		};
		77390FB11F5FEB790072324B /* Controllers */ = {
			isa = PBXGroup;
			children = (
				77390FB21F5FEB790072324B /* RootTabBarViewController.h */,
				77390FB31F5FEB790072324B /* RootTabBarViewController.m */,
			);
			path = Controllers;
			sourceTree = "<group>";
		};
		77390FB41F5FEB790072324B /* Views */ = {
			isa = PBXGroup;
			children = (
			);
			path = Views;
			sourceTree = "<group>";
		};
		774994D11F90916A001F9E36 /* Cells */ = {
			isa = PBXGroup;
			children = (
				774994D21F90917F001F9E36 /* WWArticleTableViewCell.h */,
				774994D31F90917F001F9E36 /* WWArticleTableViewCell.m */,
				774994D71F909410001F9E36 /* WWAccountTableViewCell.h */,
				774994D81F909410001F9E36 /* WWAccountTableViewCell.m */,
			);
			path = Cells;
			sourceTree = "<group>";
		};
		779276F31FA06A5400D3E55B /* Tools */ = {
			isa = PBXGroup;
			children = (
				779276F41FA06A5400D3E55B /* WWAccountMainPageAPIManager.h */,
				779276F51FA06A5400D3E55B /* WWAccountMainPageAPIManager.m */,
				779276F61FA06A5400D3E55B /* WWAccountSearchAPIManager.h */,
				779276F71FA06A5400D3E55B /* WWAccountSearchAPIManager.m */,
				779276F81FA06A5400D3E55B /* WWArticleSearchAPIManager.h */,
				779276F91FA06A5400D3E55B /* WWArticleSearchAPIManager.m */,
				779276FA1FA06A5400D3E55B /* WWMainPageAPIManager.h */,
				779276FB1FA06A5400D3E55B /* WWMainPageAPIManager.m */,
				779276FC1FA06A5400D3E55B /* WWMainPageTagInfoManager.h */,
				779276FD1FA06A5400D3E55B /* WWMainPageTagInfoManager.m */,
				779277001FA06A5400D3E55B /* WWWXArticleAPIManager.h */,
				779277011FA06A5400D3E55B /* WWWXArticleAPIManager.m */,
				779276FE1FA06A5400D3E55B /* WWTools.h */,
				779276FF1FA06A5400D3E55B /* WWTools.m */,
			);
			path = Tools;
			sourceTree = "<group>";
		};
		77C8985A1F8B7CAF0046EA13 /* Models */ = {
			isa = PBXGroup;
			children = (
				77C898621F8B7D580046EA13 /* WWArticleItemModel.h */,
				77C898641F8B7D580046EA13 /* WWArticleItemModel.m */,
				77C898631F8B7D580046EA13 /* WWHotwordModel.h */,
				77C898611F8B7D580046EA13 /* WWHotwordModel.m */,
				77C898671F8B7DA40046EA13 /* WWMainPageModel.h */,
				77C898681F8B7DA40046EA13 /* WWMainPageModel.m */,
				77C8985B1F8B7CB90046EA13 /* WWMainPageTagModel.h */,
				77C8985C1F8B7CB90046EA13 /* WWMainPageTagModel.m */,
				7749949C1F8E1094001F9E36 /* WWAccountModel.h */,
				7749949D1F8E1094001F9E36 /* WWAccountModel.m */,
			);
			path = Models;
			sourceTree = "<group>";
		};
		805E487F1F8FB08C009C7C0A /* hpple */ = {
			isa = PBXGroup;
			children = (
				805E48801F8FB08C009C7C0A /* TFHpple.h */,
				805E48811F8FB08C009C7C0A /* TFHpple.m */,
				805E48821F8FB08C009C7C0A /* TFHppleElement.h */,
				805E48831F8FB08C009C7C0A /* TFHppleElement.m */,
				805E48841F8FB08C009C7C0A /* XPathQuery.h */,
				805E48851F8FB08C009C7C0A /* XPathQuery.m */,
			);
			path = hpple;
			sourceTree = "<group>";
		};
		8061F9401F7D44B500E7F4C8 /* KOGNetworking */ = {
			isa = PBXGroup;
			children = (
				8061F9411F7D44B500E7F4C8 /* KOGNetworking */,
				8061F9581F7D44B500E7F4C8 /* KOGNetworkingCustoms */,
			);
			path = KOGNetworking;
			sourceTree = "<group>";
		};
		8061F9411F7D44B500E7F4C8 /* KOGNetworking */ = {
			isa = PBXGroup;
			children = (
				8061F9421F7D44B500E7F4C8 /* Category */,
				8061F9451F7D44B500E7F4C8 /* Components */,
				8061F94F1F7D44B500E7F4C8 /* Generators */,
				8061F9521F7D44B500E7F4C8 /* KOGNetworking.h */,
				8061F9531F7D44B500E7F4C8 /* Services */,
			);
			path = KOGNetworking;
			sourceTree = "<group>";
		};
		8061F9421F7D44B500E7F4C8 /* Category */ = {
			isa = PBXGroup;
			children = (
				8061F9431F7D44B500E7F4C8 /* NSURLRequest+KOGNetworking.h */,
				8061F9441F7D44B500E7F4C8 /* NSURLRequest+KOGNetworking.m */,
			);
			path = Category;
			sourceTree = "<group>";
		};
		8061F9451F7D44B500E7F4C8 /* Components */ = {
			isa = PBXGroup;
			children = (
				8061F9461F7D44B500E7F4C8 /* APIProxy */,
				8061F9491F7D44B500E7F4C8 /* BaseAPIManager */,
				8061F94C1F7D44B500E7F4C8 /* URLResponse */,
			);
			path = Components;
			sourceTree = "<group>";
		};
		8061F9461F7D44B500E7F4C8 /* APIProxy */ = {
			isa = PBXGroup;
			children = (
				8061F9471F7D44B500E7F4C8 /* KOGAPIProxy.h */,
				8061F9481F7D44B500E7F4C8 /* KOGAPIProxy.m */,
			);
			path = APIProxy;
			sourceTree = "<group>";
		};
		8061F9491F7D44B500E7F4C8 /* BaseAPIManager */ = {
			isa = PBXGroup;
			children = (
				8061F94A1F7D44B500E7F4C8 /* KOGAPIBaseManager.h */,
				8061F94B1F7D44B500E7F4C8 /* KOGAPIBaseManager.m */,
			);
			path = BaseAPIManager;
			sourceTree = "<group>";
		};
		8061F94C1F7D44B500E7F4C8 /* URLResponse */ = {
			isa = PBXGroup;
			children = (
				8061F94D1F7D44B500E7F4C8 /* KOGURLResponse.h */,
				8061F94E1F7D44B500E7F4C8 /* KOGURLResponse.m */,
			);
			path = URLResponse;
			sourceTree = "<group>";
		};
		8061F94F1F7D44B500E7F4C8 /* Generators */ = {
			isa = PBXGroup;
			children = (
				8061F9501F7D44B500E7F4C8 /* KOGRequestGenerator.h */,
				8061F9511F7D44B500E7F4C8 /* KOGRequestGenerator.m */,
			);
			path = Generators;
			sourceTree = "<group>";
		};
		8061F9531F7D44B500E7F4C8 /* Services */ = {
			isa = PBXGroup;
			children = (
				8061F9541F7D44B500E7F4C8 /* KOGService.h */,
				8061F9551F7D44B500E7F4C8 /* KOGService.m */,
				8061F9561F7D44B500E7F4C8 /* KOGServiceFactory.h */,
				8061F9571F7D44B500E7F4C8 /* KOGServiceFactory.m */,
			);
			path = Services;
			sourceTree = "<group>";
		};
		8061F9581F7D44B500E7F4C8 /* KOGNetworkingCustoms */ = {
			isa = PBXGroup;
			children = (
				8061F9591F7D44B500E7F4C8 /* AppContext */,
				8061F95C1F7D44B500E7F4C8 /* Configurations */,
				8061F95F1F7D44B500E7F4C8 /* CustomServices */,
			);
			path = KOGNetworkingCustoms;
			sourceTree = "<group>";
		};
		8061F9591F7D44B500E7F4C8 /* AppContext */ = {
			isa = PBXGroup;
			children = (
				8061F95A1F7D44B500E7F4C8 /* KOGAppContext.h */,
				8061F95B1F7D44B500E7F4C8 /* KOGAppContext.m */,
			);
			path = AppContext;
			sourceTree = "<group>";
		};
		8061F95C1F7D44B500E7F4C8 /* Configurations */ = {
			isa = PBXGroup;
			children = (
				8061F95D1F7D44B500E7F4C8 /* KOGNetworkingConfiguration.h */,
				8061F95E1F7D44B500E7F4C8 /* KOGNetworkingConfiguration.plist */,
			);
			path = Configurations;
			sourceTree = "<group>";
		};
		8061F95F1F7D44B500E7F4C8 /* CustomServices */ = {
			isa = PBXGroup;
			children = (
				8061F96F1F7D45B100E7F4C8 /* WWMainPageService.h */,
				8061F9701F7D45B100E7F4C8 /* WWMainPageService.m */,
				777A1B051F987F7400DCE9EA /* WWAccountMainPageService.h */,
				777A1B061F987F7400DCE9EA /* WWAccountMainPageService.m */,
			);
			path = CustomServices;
			sourceTree = "<group>";
		};
		8061F9751F7D5E3300E7F4C8 /* Models */ = {
			isa = PBXGroup;
			children = (
			);
			path = Models;
			sourceTree = "<group>";
		};
		95031C038BB518C598328C83 /* Frameworks */ = {
			isa = PBXGroup;
			children = (
				9A81015F922E1019DEA8FAC9 /* libPods-WWProject.a */,
			);
			name = Frameworks;
			sourceTree = "<group>";
		};
/* End PBXGroup section */

/* Begin PBXNativeTarget section */
		77390F3C1F5FCFBE0072324B /* WWProject */ = {
			isa = PBXNativeTarget;
			buildConfigurationList = 77390F6A1F5FCFBE0072324B /* Build configuration list for PBXNativeTarget "WWProject" */;
			buildPhases = (
				050D142EE76DC81279E77BD0 /* [CP] Check Pods Manifest.lock */,
				77390F391F5FCFBE0072324B /* Sources */,
				77390F3A1F5FCFBE0072324B /* Frameworks */,
				77390F3B1F5FCFBE0072324B /* Resources */,
				E9670D52407B9F6DDE2E989F /* [CP] Embed Pods Frameworks */,
				F3AA8E5020A9032C163C1DDF /* [CP] Copy Pods Resources */,
			);
			buildRules = (
			);
			dependencies = (
			);
			name = WWProject;
			productName = WWProject;
			productReference = 77390F3D1F5FCFBE0072324B /* WWProject.app */;
			productType = "com.apple.product-type.application";
		};
		77390F551F5FCFBE0072324B /* WWProjectTests */ = {
			isa = PBXNativeTarget;
			buildConfigurationList = 77390F6D1F5FCFBE0072324B /* Build configuration list for PBXNativeTarget "WWProjectTests" */;
			buildPhases = (
				77390F521F5FCFBE0072324B /* Sources */,
				77390F531F5FCFBE0072324B /* Frameworks */,
				77390F541F5FCFBE0072324B /* Resources */,
			);
			buildRules = (
			);
			dependencies = (
				77390F581F5FCFBE0072324B /* PBXTargetDependency */,
			);
			name = WWProjectTests;
			productName = WWProjectTests;
			productReference = 77390F561F5FCFBE0072324B /* WWProjectTests.xctest */;
			productType = "com.apple.product-type.bundle.unit-test";
		};
		77390F601F5FCFBE0072324B /* WWProjectUITests */ = {
			isa = PBXNativeTarget;
			buildConfigurationList = 77390F701F5FCFBE0072324B /* Build configuration list for PBXNativeTarget "WWProjectUITests" */;
			buildPhases = (
				77390F5D1F5FCFBE0072324B /* Sources */,
				77390F5E1F5FCFBE0072324B /* Frameworks */,
				77390F5F1F5FCFBE0072324B /* Resources */,
			);
			buildRules = (
			);
			dependencies = (
				77390F631F5FCFBE0072324B /* PBXTargetDependency */,
			);
			name = WWProjectUITests;
			productName = WWProjectUITests;
			productReference = 77390F611F5FCFBE0072324B /* WWProjectUITests.xctest */;
			productType = "com.apple.product-type.bundle.ui-testing";
		};
/* End PBXNativeTarget section */

/* Begin PBXProject section */
		77390F351F5FCFBE0072324B /* Project object */ = {
			isa = PBXProject;
			attributes = {
				LastUpgradeCheck = 0830;
				ORGANIZATIONNAME = zcl_kingsoft;
				TargetAttributes = {
					77390F3C1F5FCFBE0072324B = {
						CreatedOnToolsVersion = 8.3.1;
						DevelopmentTeam = CUQK4K8CPN;
						ProvisioningStyle = Automatic;
					};
					77390F551F5FCFBE0072324B = {
						CreatedOnToolsVersion = 8.3.1;
						DevelopmentTeam = CUQK4K8CPN;
						ProvisioningStyle = Automatic;
						TestTargetID = 77390F3C1F5FCFBE0072324B;
					};
					77390F601F5FCFBE0072324B = {
						CreatedOnToolsVersion = 8.3.1;
						DevelopmentTeam = CUQK4K8CPN;
						ProvisioningStyle = Automatic;
						TestTargetID = 77390F3C1F5FCFBE0072324B;
					};
				};
			};
			buildConfigurationList = 77390F381F5FCFBE0072324B /* Build configuration list for PBXProject "WWProject" */;
			compatibilityVersion = "Xcode 3.2";
			developmentRegion = English;
			hasScannedForEncodings = 0;
			knownRegions = (
				en,
				Base,
			);
			mainGroup = 77390F341F5FCFBE0072324B;
			productRefGroup = 77390F3E1F5FCFBE0072324B /* Products */;
			projectDirPath = "";
			projectRoot = "";
			targets = (
				77390F3C1F5FCFBE0072324B /* WWProject */,
				77390F551F5FCFBE0072324B /* WWProjectTests */,
				77390F601F5FCFBE0072324B /* WWProjectUITests */,
			);
		};
/* End PBXProject section */

/* Begin PBXResourcesBuildPhase section */
		77390F3B1F5FCFBE0072324B /* Resources */ = {
			isa = PBXResourcesBuildPhase;
			buildActionMask = 2147483647;
			files = (
				8061F96C1F7D44B600E7F4C8 /* KOGNetworkingConfiguration.plist in Resources */,
				77390F501F5FCFBE0072324B /* LaunchScreen.storyboard in Resources */,
				77390F4D1F5FCFBE0072324B /* Assets.xcassets in Resources */,
			);
			runOnlyForDeploymentPostprocessing = 0;
		};
		77390F541F5FCFBE0072324B /* Resources */ = {
			isa = PBXResourcesBuildPhase;
			buildActionMask = 2147483647;
			files = (
			);
			runOnlyForDeploymentPostprocessing = 0;
		};
		77390F5F1F5FCFBE0072324B /* Resources */ = {
			isa = PBXResourcesBuildPhase;
			buildActionMask = 2147483647;
			files = (
			);
			runOnlyForDeploymentPostprocessing = 0;
		};
/* End PBXResourcesBuildPhase section */

/* Begin PBXShellScriptBuildPhase section */
		050D142EE76DC81279E77BD0 /* [CP] Check Pods Manifest.lock */ = {
			isa = PBXShellScriptBuildPhase;
			buildActionMask = 2147483647;
			files = (
			);
			inputPaths = (
			);
			name = "[CP] Check Pods Manifest.lock";
			outputPaths = (
			);
			runOnlyForDeploymentPostprocessing = 0;
			shellPath = /bin/sh;
			shellScript = "diff \"${PODS_ROOT}/../Podfile.lock\" \"${PODS_ROOT}/Manifest.lock\" > /dev/null\nif [[ $? != 0 ]] ; then\n    cat << EOM\nerror: The sandbox is not in sync with the Podfile.lock. Run 'pod install' or update your CocoaPods installation.\nEOM\n    exit 1\nfi\n";
			showEnvVarsInLog = 0;
		};
		E9670D52407B9F6DDE2E989F /* [CP] Embed Pods Frameworks */ = {
			isa = PBXShellScriptBuildPhase;
			buildActionMask = 2147483647;
			files = (
			);
			inputPaths = (
			);
			name = "[CP] Embed Pods Frameworks";
			outputPaths = (
			);
			runOnlyForDeploymentPostprocessing = 0;
			shellPath = /bin/sh;
			shellScript = "\"${SRCROOT}/Pods/Target Support Files/Pods-WWProject/Pods-WWProject-frameworks.sh\"\n";
			showEnvVarsInLog = 0;
		};
		F3AA8E5020A9032C163C1DDF /* [CP] Copy Pods Resources */ = {
			isa = PBXShellScriptBuildPhase;
			buildActionMask = 2147483647;
			files = (
			);
			inputPaths = (
			);
			name = "[CP] Copy Pods Resources";
			outputPaths = (
			);
			runOnlyForDeploymentPostprocessing = 0;
			shellPath = /bin/sh;
			shellScript = "\"${SRCROOT}/Pods/Target Support Files/Pods-WWProject/Pods-WWProject-resources.sh\"\n";
			showEnvVarsInLog = 0;
		};
/* End PBXShellScriptBuildPhase section */

/* Begin PBXSourcesBuildPhase section */
		77390F391F5FCFBE0072324B /* Sources */ = {
			isa = PBXSourcesBuildPhase;
			buildActionMask = 2147483647;
			files = (
				805E48871F8FB08C009C7C0A /* TFHppleElement.m in Sources */,
				77390FB61F5FEB790072324B /* WWMainViewController.m in Sources */,
				774994981F8DF01D001F9E36 /* WWSearchBar.m in Sources */,
				777A1B071F987F7400DCE9EA /* WWAccountMainPageService.m in Sources */,
				8061F9681F7D44B600E7F4C8 /* KOGRequestGenerator.m in Sources */,
				777A1AFB1F984F0000DCE9EA /* WWAccountMainPageViewController.m in Sources */,
				80A2192A1F8BB46F003E3361 /* WWTagTableView.m in Sources */,
				779277031FA06A5400D3E55B /* WWAccountSearchAPIManager.m in Sources */,
				77390F951F5FE3720072324B /* XTSegmentControl.m in Sources */,
				77390FA51F5FEA640072324B /* NSTimer+Addition.m in Sources */,
				77C898691F8B7DA50046EA13 /* WWMainPageModel.m in Sources */,
				8061F9711F7D45B100E7F4C8 /* WWMainPageService.m in Sources */,
				77390F9E1F5FE9130072324B /* UIColor+Extension.m in Sources */,
				77390FA41F5FEA640072324B /* AutoSlideScrollView.m in Sources */,
				774994CA1F8F5F5B001F9E36 /* WWSearchTableView.m in Sources */,
				779277041FA06A5400D3E55B /* WWArticleSearchAPIManager.m in Sources */,
				8061F96A1F7D44B600E7F4C8 /* KOGServiceFactory.m in Sources */,
				774994D91F909410001F9E36 /* WWAccountTableViewCell.m in Sources */,
				7738BDE41FA1CA5500CCF097 /* WWArticleCacheModel.m in Sources */,
				7749949E1F8E1094001F9E36 /* WWAccountModel.m in Sources */,
				8061F9661F7D44B600E7F4C8 /* KOGAPIBaseManager.m in Sources */,
				77C898651F8B7D580046EA13 /* WWHotwordModel.m in Sources */,
				779277071FA06A5400D3E55B /* WWTools.m in Sources */,
				77390FB71F5FEB790072324B /* RootTabBarViewController.m in Sources */,
				8061F9651F7D44B600E7F4C8 /* KOGAPIProxy.m in Sources */,
				779277021FA06A5400D3E55B /* WWAccountMainPageAPIManager.m in Sources */,
				777A1AEC1F95E2CA00DCE9EA /* WWPopViewItemButton.m in Sources */,
				774994DA1F90967C001F9E36 /* WWArticleTableViewCell.m in Sources */,
				805E488B1F8FBDE8009C7C0A /* NSString+Extension.m in Sources */,
				77390F451F5FCFBE0072324B /* AppDelegate.m in Sources */,
				77C898661F8B7D580046EA13 /* WWArticleItemModel.m in Sources */,
				805E48861F8FB08C009C7C0A /* TFHpple.m in Sources */,
				779277061FA06A5400D3E55B /* WWMainPageTagInfoManager.m in Sources */,
				8061F9641F7D44B600E7F4C8 /* NSURLRequest+KOGNetworking.m in Sources */,
				77390FBA1F5FED850072324B /* BannerView.m in Sources */,
				807EAE8E1F95062B0001361D /* WWWebViewController.m in Sources */,
				77390F421F5FCFBE0072324B /* main.m in Sources */,
				77390FBD1F5FFAA70072324B /* UIView+Extension.m in Sources */,
				779276F21FA065C800D3E55B /* WWFavoriteTableView.m in Sources */,
				777A1AE91F95D6E700DCE9EA /* WWWebPopView.m in Sources */,
				779276EF1FA060B100D3E55B /* WWFavoriteViewController.m in Sources */,
				8061F9691F7D44B600E7F4C8 /* KOGService.m in Sources */,
				7749948F1F8DCC99001F9E36 /* WWMainNavigationController.m in Sources */,
				8061F96B1F7D44B600E7F4C8 /* KOGAppContext.m in Sources */,
				7738BDE81FA1CAAE00CCF097 /* WWAccountCacheModel.m in Sources */,
				774994881F8C6869001F9E36 /* WWImageView.m in Sources */,
				779277051FA06A5400D3E55B /* WWMainPageAPIManager.m in Sources */,
				779277081FA06A5400D3E55B /* WWWXArticleAPIManager.m in Sources */,
				805E48881F8FB08C009C7C0A /* XPathQuery.m in Sources */,
				8061F9671F7D44B600E7F4C8 /* KOGURLResponse.m in Sources */,
				774994921F8DED9E001F9E36 /* WWSearchViewController.m in Sources */,
				77C8985D1F8B7CB90046EA13 /* WWMainPageTagModel.m in Sources */,
			);
			runOnlyForDeploymentPostprocessing = 0;
		};
		77390F521F5FCFBE0072324B /* Sources */ = {
			isa = PBXSourcesBuildPhase;
			buildActionMask = 2147483647;
			files = (
				77390F5B1F5FCFBE0072324B /* WWProjectTests.m in Sources */,
			);
			runOnlyForDeploymentPostprocessing = 0;
		};
		77390F5D1F5FCFBE0072324B /* Sources */ = {
			isa = PBXSourcesBuildPhase;
			buildActionMask = 2147483647;
			files = (
				77390F661F5FCFBE0072324B /* WWProjectUITests.m in Sources */,
			);
			runOnlyForDeploymentPostprocessing = 0;
		};
/* End PBXSourcesBuildPhase section */

/* Begin PBXTargetDependency section */
		77390F581F5FCFBE0072324B /* PBXTargetDependency */ = {
			isa = PBXTargetDependency;
			target = 77390F3C1F5FCFBE0072324B /* WWProject */;
			targetProxy = 77390F571F5FCFBE0072324B /* PBXContainerItemProxy */;
		};
		77390F631F5FCFBE0072324B /* PBXTargetDependency */ = {
			isa = PBXTargetDependency;
			target = 77390F3C1F5FCFBE0072324B /* WWProject */;
			targetProxy = 77390F621F5FCFBE0072324B /* PBXContainerItemProxy */;
		};
/* End PBXTargetDependency section */

/* Begin PBXVariantGroup section */
		77390F4E1F5FCFBE0072324B /* LaunchScreen.storyboard */ = {
			isa = PBXVariantGroup;
			children = (
				77390F4F1F5FCFBE0072324B /* Base */,
			);
			name = LaunchScreen.storyboard;
			sourceTree = "<group>";
		};
/* End PBXVariantGroup section */

/* Begin XCBuildConfiguration section */
		77390F681F5FCFBE0072324B /* Debug */ = {
			isa = XCBuildConfiguration;
			buildSettings = {
				ALWAYS_SEARCH_USER_PATHS = NO;
				CLANG_ANALYZER_NONNULL = YES;
				CLANG_ANALYZER_NUMBER_OBJECT_CONVERSION = YES_AGGRESSIVE;
				CLANG_CXX_LANGUAGE_STANDARD = "gnu++0x";
				CLANG_CXX_LIBRARY = "libc++";
				CLANG_ENABLE_MODULES = YES;
				CLANG_ENABLE_OBJC_ARC = YES;
				CLANG_WARN_BOOL_CONVERSION = YES;
				CLANG_WARN_CONSTANT_CONVERSION = YES;
				CLANG_WARN_DIRECT_OBJC_ISA_USAGE = YES_ERROR;
				CLANG_WARN_DOCUMENTATION_COMMENTS = YES;
				CLANG_WARN_EMPTY_BODY = YES;
				CLANG_WARN_ENUM_CONVERSION = YES;
				CLANG_WARN_INFINITE_RECURSION = YES;
				CLANG_WARN_INT_CONVERSION = YES;
				CLANG_WARN_OBJC_ROOT_CLASS = YES_ERROR;
				CLANG_WARN_SUSPICIOUS_MOVE = YES;
				CLANG_WARN_UNREACHABLE_CODE = YES;
				CLANG_WARN__DUPLICATE_METHOD_MATCH = YES;
				"CODE_SIGN_IDENTITY[sdk=iphoneos*]" = "iPhone Developer";
				COPY_PHASE_STRIP = NO;
				DEBUG_INFORMATION_FORMAT = dwarf;
				ENABLE_STRICT_OBJC_MSGSEND = YES;
				ENABLE_TESTABILITY = YES;
				GCC_C_LANGUAGE_STANDARD = gnu99;
				GCC_DYNAMIC_NO_PIC = NO;
				GCC_NO_COMMON_BLOCKS = YES;
				GCC_OPTIMIZATION_LEVEL = 0;
				GCC_PREPROCESSOR_DEFINITIONS = (
					"DEBUG=1",
					"$(inherited)",
				);
				GCC_WARN_64_TO_32_BIT_CONVERSION = YES;
				GCC_WARN_ABOUT_RETURN_TYPE = YES_ERROR;
				GCC_WARN_UNDECLARED_SELECTOR = YES;
				GCC_WARN_UNINITIALIZED_AUTOS = YES_AGGRESSIVE;
				GCC_WARN_UNUSED_FUNCTION = YES;
				GCC_WARN_UNUSED_VARIABLE = YES;
				IPHONEOS_DEPLOYMENT_TARGET = 10.3;
				MTL_ENABLE_DEBUG_INFO = YES;
				ONLY_ACTIVE_ARCH = YES;
				SDKROOT = iphoneos;
				TARGETED_DEVICE_FAMILY = "1,2";
			};
			name = Debug;
		};
		77390F691F5FCFBE0072324B /* Release */ = {
			isa = XCBuildConfiguration;
			buildSettings = {
				ALWAYS_SEARCH_USER_PATHS = NO;
				CLANG_ANALYZER_NONNULL = YES;
				CLANG_ANALYZER_NUMBER_OBJECT_CONVERSION = YES_AGGRESSIVE;
				CLANG_CXX_LANGUAGE_STANDARD = "gnu++0x";
				CLANG_CXX_LIBRARY = "libc++";
				CLANG_ENABLE_MODULES = YES;
				CLANG_ENABLE_OBJC_ARC = YES;
				CLANG_WARN_BOOL_CONVERSION = YES;
				CLANG_WARN_CONSTANT_CONVERSION = YES;
				CLANG_WARN_DIRECT_OBJC_ISA_USAGE = YES_ERROR;
				CLANG_WARN_DOCUMENTATION_COMMENTS = YES;
				CLANG_WARN_EMPTY_BODY = YES;
				CLANG_WARN_ENUM_CONVERSION = YES;
				CLANG_WARN_INFINITE_RECURSION = YES;
				CLANG_WARN_INT_CONVERSION = YES;
				CLANG_WARN_OBJC_ROOT_CLASS = YES_ERROR;
				CLANG_WARN_SUSPICIOUS_MOVE = YES;
				CLANG_WARN_UNREACHABLE_CODE = YES;
				CLANG_WARN__DUPLICATE_METHOD_MATCH = YES;
				"CODE_SIGN_IDENTITY[sdk=iphoneos*]" = "iPhone Developer";
				COPY_PHASE_STRIP = NO;
				DEBUG_INFORMATION_FORMAT = "dwarf-with-dsym";
				ENABLE_NS_ASSERTIONS = NO;
				ENABLE_STRICT_OBJC_MSGSEND = YES;
				GCC_C_LANGUAGE_STANDARD = gnu99;
				GCC_NO_COMMON_BLOCKS = YES;
				GCC_WARN_64_TO_32_BIT_CONVERSION = YES;
				GCC_WARN_ABOUT_RETURN_TYPE = YES_ERROR;
				GCC_WARN_UNDECLARED_SELECTOR = YES;
				GCC_WARN_UNINITIALIZED_AUTOS = YES_AGGRESSIVE;
				GCC_WARN_UNUSED_FUNCTION = YES;
				GCC_WARN_UNUSED_VARIABLE = YES;
				IPHONEOS_DEPLOYMENT_TARGET = 10.3;
				MTL_ENABLE_DEBUG_INFO = NO;
				SDKROOT = iphoneos;
				TARGETED_DEVICE_FAMILY = "1,2";
				VALIDATE_PRODUCT = YES;
			};
			name = Release;
		};
		77390F6B1F5FCFBE0072324B /* Debug */ = {
			isa = XCBuildConfiguration;
			baseConfigurationReference = 7F6303957A4A0C96FEE96A4C /* Pods-WWProject.debug.xcconfig */;
			buildSettings = {
				ASSETCATALOG_COMPILER_APPICON_NAME = AppIcon;
				"CODE_SIGN_IDENTITY[sdk=iphoneos*]" = "iPhone Developer";
				CODE_SIGN_STYLE = Automatic;
				DEVELOPMENT_TEAM = CUQK4K8CPN;
				GCC_PREFIX_HEADER = "$(SRCROOT)/WWProject/WWProject-Prefix.pch";
				INFOPLIST_FILE = WWProject/Info.plist;
				IPHONEOS_DEPLOYMENT_TARGET = 8.0;
				LD_RUNPATH_SEARCH_PATHS = "$(inherited) @executable_path/Frameworks";
				PRODUCT_BUNDLE_IDENTIFIER = com.ksyun.WWProject;
				PRODUCT_NAME = "$(TARGET_NAME)";
				PROVISIONING_PROFILE_SPECIFIER = "";
				TARGETED_DEVICE_FAMILY = 1;
			};
			name = Debug;
		};
		77390F6C1F5FCFBE0072324B /* Release */ = {
			isa = XCBuildConfiguration;
			baseConfigurationReference = 006C4DA9572F4CE946E74556 /* Pods-WWProject.release.xcconfig */;
			buildSettings = {
				ASSETCATALOG_COMPILER_APPICON_NAME = AppIcon;
				"CODE_SIGN_IDENTITY[sdk=iphoneos*]" = "iPhone Developer";
				CODE_SIGN_STYLE = Automatic;
				DEVELOPMENT_TEAM = CUQK4K8CPN;
				GCC_PREFIX_HEADER = "$(SRCROOT)/WWProject/WWProject-Prefix.pch";
				INFOPLIST_FILE = WWProject/Info.plist;
				IPHONEOS_DEPLOYMENT_TARGET = 8.0;
				LD_RUNPATH_SEARCH_PATHS = "$(inherited) @executable_path/Frameworks";
				PRODUCT_BUNDLE_IDENTIFIER = com.ksyun.WWProject;
				PRODUCT_NAME = "$(TARGET_NAME)";
				PROVISIONING_PROFILE_SPECIFIER = "";
				TARGETED_DEVICE_FAMILY = 1;
			};
			name = Release;
		};
		77390F6E1F5FCFBE0072324B /* Debug */ = {
			isa = XCBuildConfiguration;
			buildSettings = {
				BUNDLE_LOADER = "$(TEST_HOST)";
				DEVELOPMENT_TEAM = CUQK4K8CPN;
				INFOPLIST_FILE = WWProjectTests/Info.plist;
				LD_RUNPATH_SEARCH_PATHS = "$(inherited) @executable_path/Frameworks @loader_path/Frameworks";
				PRODUCT_BUNDLE_IDENTIFIER = com.ksyun.WWProjectTests;
				PRODUCT_NAME = "$(TARGET_NAME)";
				TEST_HOST = "$(BUILT_PRODUCTS_DIR)/WWProject.app/WWProject";
			};
			name = Debug;
		};
		77390F6F1F5FCFBE0072324B /* Release */ = {
			isa = XCBuildConfiguration;
			buildSettings = {
				BUNDLE_LOADER = "$(TEST_HOST)";
				DEVELOPMENT_TEAM = CUQK4K8CPN;
				INFOPLIST_FILE = WWProjectTests/Info.plist;
				LD_RUNPATH_SEARCH_PATHS = "$(inherited) @executable_path/Frameworks @loader_path/Frameworks";
				PRODUCT_BUNDLE_IDENTIFIER = com.ksyun.WWProjectTests;
				PRODUCT_NAME = "$(TARGET_NAME)";
				TEST_HOST = "$(BUILT_PRODUCTS_DIR)/WWProject.app/WWProject";
			};
			name = Release;
		};
		77390F711F5FCFBE0072324B /* Debug */ = {
			isa = XCBuildConfiguration;
			buildSettings = {
				DEVELOPMENT_TEAM = CUQK4K8CPN;
				INFOPLIST_FILE = WWProjectUITests/Info.plist;
				LD_RUNPATH_SEARCH_PATHS = "$(inherited) @executable_path/Frameworks @loader_path/Frameworks";
				PRODUCT_BUNDLE_IDENTIFIER = com.ksyun.WWProjectUITests;
				PRODUCT_NAME = "$(TARGET_NAME)";
				TEST_TARGET_NAME = WWProject;
			};
			name = Debug;
		};
		77390F721F5FCFBE0072324B /* Release */ = {
			isa = XCBuildConfiguration;
			buildSettings = {
				DEVELOPMENT_TEAM = CUQK4K8CPN;
				INFOPLIST_FILE = WWProjectUITests/Info.plist;
				LD_RUNPATH_SEARCH_PATHS = "$(inherited) @executable_path/Frameworks @loader_path/Frameworks";
				PRODUCT_BUNDLE_IDENTIFIER = com.ksyun.WWProjectUITests;
				PRODUCT_NAME = "$(TARGET_NAME)";
				TEST_TARGET_NAME = WWProject;
			};
			name = Release;
		};
/* End XCBuildConfiguration section */

/* Begin XCConfigurationList section */
		77390F381F5FCFBE0072324B /* Build configuration list for PBXProject "WWProject" */ = {
			isa = XCConfigurationList;
			buildConfigurations = (
				77390F681F5FCFBE0072324B /* Debug */,
				77390F691F5FCFBE0072324B /* Release */,
			);
			defaultConfigurationIsVisible = 0;
			defaultConfigurationName = Release;
		};
		77390F6A1F5FCFBE0072324B /* Build configuration list for PBXNativeTarget "WWProject" */ = {
			isa = XCConfigurationList;
			buildConfigurations = (
				77390F6B1F5FCFBE0072324B /* Debug */,
				77390F6C1F5FCFBE0072324B /* Release */,
			);
			defaultConfigurationIsVisible = 0;
			defaultConfigurationName = Release;
		};
		77390F6D1F5FCFBE0072324B /* Build configuration list for PBXNativeTarget "WWProjectTests" */ = {
			isa = XCConfigurationList;
			buildConfigurations = (
				77390F6E1F5FCFBE0072324B /* Debug */,
				77390F6F1F5FCFBE0072324B /* Release */,
			);
			defaultConfigurationIsVisible = 0;
			defaultConfigurationName = Release;
		};
		77390F701F5FCFBE0072324B /* Build configuration list for PBXNativeTarget "WWProjectUITests" */ = {
			isa = XCConfigurationList;
			buildConfigurations = (
				77390F711F5FCFBE0072324B /* Debug */,
				77390F721F5FCFBE0072324B /* Release */,
			);
			defaultConfigurationIsVisible = 0;
			defaultConfigurationName = Release;
		};
/* End XCConfigurationList section */
	};
	rootObject = 77390F351F5FCFBE0072324B /* Project object */;
}
